{
  "name": "profile-activity-tracker",
  "version": "1.0.0",
  "lockfileVersion": 3,
  "requires": true,
  "packages": {
    "": {
      "name": "profile-activity-tracker",
      "version": "1.0.0",
      "dependencies": {
        "simple-icons": "16.27.0"
      },
      "engines": {
        "node": ">=22"
      }
    },
    "node_modules/simple-icons": {
      "version": "16.27.0",
      "resolved": "https://registry.npmjs.org/simple-icons/-/simple-icons-16.27.0.tgz",
      "integrity": "sha512-Rk2dCRVCPHnla9/mHmztJOlbkfncPDUMSOPozQO3+c+vr6Uwy9jhNHeuxxvNZgbF9ZwpoT1BCu1LNB4Q07VmZQ==",
      "funding": [
        {
          "type": "opencollective",
          "url": "https://opencollective.com/simple-icons"
        },
        {
          "type": "github",
          "url": "https://github.com/sponsors/simple-icons"
        }
      ],
      "license": "CC0-1.0",
      "engines": {
        "node": ">=0.12.18"
      }
    }
  }
}
